
Microsoft Visual Studio Solution File, Format Version 12.00
# Visual Studio 2012
Project("{FAE04EC0-301F-11D3-BF4B-00C04F79EFBC}") = "consoleProject", "consoleProject\consoleProject.csproj", "{628832F4-6C1A-47CC-BC16-21DB996A329E}"
EndProject
Global
	GlobalSection(SolutionConfigurationPlatforms) = preSolution
		Debug|x86 = Debug|x86
		Release|x86 = Release|x86
	EndGlobalSection
	GlobalSection(ProjectConfigurationPlatforms) = postSolution
		{628832F4-6C1A-47CC-BC16-21DB996A329E}.Debug|x86.ActiveCfg = Debug|x86
		{628832F4-6C1A-47CC-BC16-21DB996A329E}.Debug|x86.Build.0 = Debug|x86
		{628832F4-6C1A-47CC-BC16-21DB996A329E}.Release|x86.ActiveCfg = Release|x86
		{628832F4-6C1A-47CC-BC16-21DB996A329E}.Release|x86.Build.0 = Release|x86
	EndGlobalSection
EndGlobal
